github.com/klauspost/compress v1.17.0 h1:Rnbp4K9EjcDuVuHtd0dgA4qNuv9yKDYKK1ulpJwgrqM=
github.com/klauspost/compress v1.17.0/go.mod h1:ntbaceVETuRiXiv4DpjP66DpAtAGkEQskQzEyD//IeE=
github.com/pierrec/lz4/v4 v4.1.18 h1:xaKrnTkyoqfh1YItXl56+6KJNVYWlEEPuAQW9xsplYQ=
github.com/pierrec/lz4/v4 v4.1.18/go.mod h1:gZWDp/Ze/IJXGXf23ltt2EXimqmTUXEy0GFuRQyBid4=
github.com/twmb/franz-go v1.15.1 h1:ina2HNm9D5TRn+5fm0VAboOVCqF11XBAJA0JwQJnWyQ=
github.com/twmb/franz-go v1.15.1/go.mod h1:aos+d/UBuigWkOs+6WoqEPto47EvC2jipLAO5qrAu48=
github.com/twmb/franz-go/pkg/kadm v1.10.0 h1:3oYKNP+e3HGo4GYadrDeRxOaAIsOXmX6LBVMz9PxpCU=
github.com/twmb/franz-go/pkg/kadm v1.10.0/go.mod h1:hUMoV4SRho+2ij/S9cL39JaLsr+XINjn0ZkCdBY2DXc=
github.com/twmb/franz-go/pkg/kmsg v1.7.0 h1:a457IbvezYfA5UkiBvyV3zj0Is3y1i8EJgqjJYoij2E=
github.com/twmb/franz-go/pkg/kmsg v1.7.0/go.mod h1:se9Mjdt0Nwzc9lnjJ0HyDtLyBnaBDAd7pCje47OhSyw=
golang.org/x/crypto v0.13.0 h1:mvySKfSWJ+UKUii46M40LOvyWfN0s2U+46/jDd0e6Ck=
golang.org/x/crypto v0.13.0/go.mod h1:y6Z2r+Rw4iayiXXAIxJIDAJ1zMW4yaTpebo8fPOliYc=
golang.org/x/time v0.3.0 h1:rg5rLMjNzMS1RkNLzCG38eapWhnYLFYXDXj2gOlr8j4=
golang.org/x/time v0.3.0/go.mod h1:tRJNPiyCQ0inRvYxbN9jk5I+vvW/OXSQhTDSoE431IQ=
